
Microsoft Visual Studio Solution File, Format Version 12.00
# Visual Studio 2013
VisualStudioVersion = 12.0.40629.0
MinimumVisualStudioVersion = 10.0.40219.1
Project("{8BC9CEB8-8B4A-11D0-8D11-00A0C91BC942}") = "FIT1048-A3-rklay1", "FIT1048-A3-rklay1\FIT1048-A3-rklay1.vcxproj", "{3C0D2A40-29F8-4A21-A537-986462619632}"
EndProject
Global
	GlobalSection(SolutionConfigurationPlatforms) = preSolution
		Debug|Win32 = Debug|Win32
		Release|Win32 = Release|Win32
	EndGlobalSection
	GlobalSection(ProjectConfigurationPlatforms) = postSolution
		{3C0D2A40-29F8-4A21-A537-986462619632}.Debug|Win32.ActiveCfg = Debug|Win32
		{3C0D2A40-29F8-4A21-A537-986462619632}.Debug|Win32.Build.0 = Debug|Win32
		{3C0D2A40-29F8-4A21-A537-986462619632}.Release|Win32.ActiveCfg = Release|Win32
		{3C0D2A40-29F8-4A21-A537-986462619632}.Release|Win32.Build.0 = Release|Win32
	EndGlobalSection
	GlobalSection(SolutionProperties) = preSolution
		HideSolutionNode = FALSE
	EndGlobalSection
EndGlobal
